Microsoft Visual Studio Solution File, Format Version 12.00
# Visual Studio Version 17
VisualStudioVersion = 17.5.2.0
MinimumVisualStudioVersion = 10.0.40219.1
Project("{FAE04EC0-301F-11D3-BF4B-00C04F79EFBC}") = "WeatherApp1", "WeatherApp1.csproj", "{ACB04DFD-FA46-0A07-9E61-CE2D008C790B}"
EndProject
Global
	GlobalSection(SolutionConfigurationPlatforms) = preSolution
		Debug|Any CPU = Debug|Any CPU
		Release|Any CPU = Release|Any CPU
	EndGlobalSection
	GlobalSection(ProjectConfigurationPlatforms) = postSolution
		{ACB04DFD-FA46-0A07-9E61-CE2D008C790B}.Debug|Any CPU.ActiveCfg = Debug|Any CPU
		{ACB04DFD-FA46-0A07-9E61-CE2D008C790B}.Debug|Any CPU.Build.0 = Debug|Any CPU
		{ACB04DFD-FA46-0A07-9E61-CE2D008C790B}.Release|Any CPU.ActiveCfg = Release|Any CPU
		{ACB04DFD-FA46-0A07-9E61-CE2D008C790B}.Release|Any CPU.Build.0 = Release|Any CPU
	EndGlobalSection
	GlobalSection(SolutionProperties) = preSolution
		HideSolutionNode = FALSE
	EndGlobalSection
	GlobalSection(ExtensibilityGlobals) = postSolution
		SolutionGuid = {3E164EA3-734B-46C1-81A3-126508B7D763}
	EndGlobalSection
EndGlobal
